
Microsoft Visual Studio Solution File, Format Version 12.00
# Visual Studio Version 17
VisualStudioVersion = 17.4.33110.190
MinimumVisualStudioVersion = 10.0.40219.1
Project("{9A19103F-16F7-4668-BE54-9A1E7A4F7556}") = "movies", "movies\movies.csproj", "{73ED5BC4-7641-4294-8FE1-6AE670FE9F63}"
EndProject
Project("{FAE04EC0-301F-11D3-BF4B-00C04F79EFBC}") = "test.movies", "test.movies\test.movies.csproj", "{1750A522-2B63-4937-8401-F9884ED83FED}"
EndProject
Global
	GlobalSection(SolutionConfigurationPlatforms) = preSolution
		Debug|Any CPU = Debug|Any CPU
		Release|Any CPU = Release|Any CPU
	EndGlobalSection
	GlobalSection(ProjectConfigurationPlatforms) = postSolution
		{73ED5BC4-7641-4294-8FE1-6AE670FE9F63}.Debug|Any CPU.ActiveCfg = Debug|Any CPU
		{73ED5BC4-7641-4294-8FE1-6AE670FE9F63}.Debug|Any CPU.Build.0 = Debug|Any CPU
		{73ED5BC4-7641-4294-8FE1-6AE670FE9F63}.Release|Any CPU.ActiveCfg = Release|Any CPU
		{73ED5BC4-7641-4294-8FE1-6AE670FE9F63}.Release|Any CPU.Build.0 = Release|Any CPU
		{1750A522-2B63-4937-8401-F9884ED83FED}.Debug|Any CPU.ActiveCfg = Debug|Any CPU
		{1750A522-2B63-4937-8401-F9884ED83FED}.Debug|Any CPU.Build.0 = Debug|Any CPU
		{1750A522-2B63-4937-8401-F9884ED83FED}.Release|Any CPU.ActiveCfg = Release|Any CPU
		{1750A522-2B63-4937-8401-F9884ED83FED}.Release|Any CPU.Build.0 = Release|Any CPU
	EndGlobalSection
	GlobalSection(SolutionProperties) = preSolution
		HideSolutionNode = FALSE
	EndGlobalSection
	GlobalSection(ExtensibilityGlobals) = postSolution
		SolutionGuid = {CDE14C6B-1D0B-499D-8E38-F7B13FDF2139}
	EndGlobalSection
EndGlobal
